
Microsoft Visual Studio Solution File, Format Version 12.00
# Visual Studio Version 17
VisualStudioVersion = 17.0.31903.59
MinimumVisualStudioVersion = 10.0.40219.1
Project("{2150E333-8FDC-42A3-9474-1A3956D46DE8}") = "src", "src", "{827E0CD3-B72D-47B6-A68D-7590B98EB39B}"
EndProject
Project("{2150E333-8FDC-42A3-9474-1A3956D46DE8}") = "Booking", "Booking", "{0D93AE7C-F497-2789-51B0-0BCB8A028FCE}"
EndProject
Project("{FAE04EC0-301F-11D3-BF4B-00C04F79EFBC}") = "Booking.Domain", "src\Booking\Booking.Domain\Booking.Domain.csproj", "{21369219-8AE0-4026-9753-557891704B57}"
EndProject
Project("{FAE04EC0-301F-11D3-BF4B-00C04F79EFBC}") = "Booking.Application", "src\Booking\Booking.Application\Booking.Application.csproj", "{9F2C9096-ABE9-443D-89AD-D0C1D681E69D}"
EndProject
Project("{FAE04EC0-301F-11D3-BF4B-00C04F79EFBC}") = "Booking.Infrastructure", "src\Booking\Booking.Infrastructure\Booking.Infrastructure.csproj", "{2293986E-DEDD-42A1-9823-31F12B800793}"
EndProject
Project("{FAE04EC0-301F-11D3-BF4B-00C04F79EFBC}") = "Booking.Api", "src\Booking\Booking.Api\Booking.Api.csproj", "{D59EC588-03AF-4ADA-AC38-1534F12C755C}"
EndProject
Project("{2150E333-8FDC-42A3-9474-1A3956D46DE8}") = "Payment", "Payment", "{FE9050FB-983E-C37B-EEA3-5C8ABB4CBAF9}"
EndProject
Project("{FAE04EC0-301F-11D3-BF4B-00C04F79EFBC}") = "Payment.Domain", "src\Payment\Payment.Domain\Payment.Domain.csproj", "{E587546C-60E0-4ED0-B0D4-9398674C01C4}"
EndProject
Project("{FAE04EC0-301F-11D3-BF4B-00C04F79EFBC}") = "Payment.Application", "src\Payment\Payment.Application\Payment.Application.csproj", "{1CA3D8DD-9C6A-47BA-AC10-3021844EAE13}"
EndProject
Project("{FAE04EC0-301F-11D3-BF4B-00C04F79EFBC}") = "Payment.Infrastructure", "src\Payment\Payment.Infrastructure\Payment.Infrastructure.csproj", "{4588E318-746F-4383-A671-FD553551163C}"
EndProject
Project("{FAE04EC0-301F-11D3-BF4B-00C04F79EFBC}") = "Payment.Api", "src\Payment\Payment.Api\Payment.Api.csproj", "{AD1B37B8-77CE-4902-A499-F866F61AAF20}"
EndProject
Project("{2150E333-8FDC-42A3-9474-1A3956D46DE8}") = "Trip", "Trip", "{6375780A-AD2B-AF82-C612-F8B5FEAD7AAE}"
EndProject
Project("{FAE04EC0-301F-11D3-BF4B-00C04F79EFBC}") = "Trip.Domain", "src\Trip\Trip.Domain\Trip.Domain.csproj", "{027D1567-5104-494C-9C68-66ABBDC8E65F}"
EndProject
Project("{FAE04EC0-301F-11D3-BF4B-00C04F79EFBC}") = "Trip.Application", "src\Trip\Trip.Application\Trip.Application.csproj", "{7EFE33B4-3A19-4B95-B039-A04166086934}"
EndProject
Project("{FAE04EC0-301F-11D3-BF4B-00C04F79EFBC}") = "Trip.Infrastructure", "src\Trip\Trip.Infrastructure\Trip.Infrastructure.csproj", "{CD950290-010F-4E20-BE36-616DC1C0E925}"
EndProject
Project("{FAE04EC0-301F-11D3-BF4B-00C04F79EFBC}") = "Trip.Api", "src\Trip\Trip.Api\Trip.Api.csproj", "{779391D3-FCC3-4E0F-850F-96C5971332B5}"
EndProject
Project("{2150E333-8FDC-42A3-9474-1A3956D46DE8}") = "Rating", "Rating", "{87AAEB6E-B0F0-7695-7766-4BAA7BA12C87}"
EndProject
Project("{FAE04EC0-301F-11D3-BF4B-00C04F79EFBC}") = "Rating.Domain", "src\Rating\Rating.Domain\Rating.Domain.csproj", "{3EF3F7B1-5575-4F7F-92D5-751EBE7C410A}"
EndProject
Project("{FAE04EC0-301F-11D3-BF4B-00C04F79EFBC}") = "Rating.Application", "src\Rating\Rating.Application\Rating.Application.csproj", "{8C1E292C-B25A-4DE1-9B2D-4115E6021C90}"
EndProject
Project("{FAE04EC0-301F-11D3-BF4B-00C04F79EFBC}") = "Rating.Infrastructure", "src\Rating\Rating.Infrastructure\Rating.Infrastructure.csproj", "{1B1EDA5D-23CA-4CE6-AC49-A1437883AEF6}"
EndProject
Project("{FAE04EC0-301F-11D3-BF4B-00C04F79EFBC}") = "Rating.Api", "src\Rating\Rating.Api\Rating.Api.csproj", "{269431AB-E827-4844-84AC-B0F5F14B0BAC}"
EndProject
Project("{2150E333-8FDC-42A3-9474-1A3956D46DE8}") = "Dispute", "Dispute", "{F1F84387-2D53-5861-0B0A-DFA50F23CAF9}"
EndProject
Project("{FAE04EC0-301F-11D3-BF4B-00C04F79EFBC}") = "Dispute.Domain", "src\Dispute\Dispute.Domain\Dispute.Domain.csproj", "{36F28774-FC34-4FA9-B824-BBF8B4EEAA68}"
EndProject
Project("{FAE04EC0-301F-11D3-BF4B-00C04F79EFBC}") = "Dispute.Application", "src\Dispute\Dispute.Application\Dispute.Application.csproj", "{3FAE2DCA-8C40-46A0-8745-419C392F04D7}"
EndProject
Project("{FAE04EC0-301F-11D3-BF4B-00C04F79EFBC}") = "Dispute.Infrastructure", "src\Dispute\Dispute.Infrastructure\Dispute.Infrastructure.csproj", "{15FE2149-A776-40C0-84FB-859E884C3BF8}"
EndProject
Project("{FAE04EC0-301F-11D3-BF4B-00C04F79EFBC}") = "Dispute.Api", "src\Dispute\Dispute.Api\Dispute.Api.csproj", "{80C68E42-CFFE-4132-85D8-0C048A38874B}"
EndProject
Project("{2150E333-8FDC-42A3-9474-1A3956D46DE8}") = "Notification", "Notification", "{70BAA7F9-7914-E584-5739-8B02C132DCC7}"
EndProject
Project("{FAE04EC0-301F-11D3-BF4B-00C04F79EFBC}") = "Notification.Domain", "src\Notification\Notification.Domain\Notification.Domain.csproj", "{7905BE19-4F6F-4689-A96A-026220D7FC4B}"
EndProject
Project("{FAE04EC0-301F-11D3-BF4B-00C04F79EFBC}") = "Notification.Application", "src\Notification\Notification.Application\Notification.Application.csproj", "{63EC9793-8510-4F0E-9FC0-83C9887780E9}"
EndProject
Project("{FAE04EC0-301F-11D3-BF4B-00C04F79EFBC}") = "Notification.Infrastructure", "src\Notification\Notification.Infrastructure\Notification.Infrastructure.csproj", "{2E1BA3CD-5004-4A25-B829-69C393E4A77E}"
EndProject
Project("{FAE04EC0-301F-11D3-BF4B-00C04F79EFBC}") = "Notification.Api", "src\Notification\Notification.Api\Notification.Api.csproj", "{2EAA057A-AA01-44FA-BDF0-1410A17E2C9C}"
EndProject
Project("{2150E333-8FDC-42A3-9474-1A3956D46DE8}") = "Passenger", "Passenger", "{C8EE0FEF-B2CC-35E9-B717-B1450A0AA37E}"
EndProject
Project("{FAE04EC0-301F-11D3-BF4B-00C04F79EFBC}") = "Passenger.Domain", "src\Passenger\Passenger.Domain\Passenger.Domain.csproj", "{6E7A0876-2B12-47EF-8064-9A3AE298D7C3}"
EndProject
Project("{FAE04EC0-301F-11D3-BF4B-00C04F79EFBC}") = "Passenger.Application", "src\Passenger\Passenger.Application\Passenger.Application.csproj", "{D4483A78-5679-4C2B-B126-76A0A7A10F87}"
EndProject
Project("{FAE04EC0-301F-11D3-BF4B-00C04F79EFBC}") = "Passenger.Infrastructure", "src\Passenger\Passenger.Infrastructure\Passenger.Infrastructure.csproj", "{6DEC910D-3D5C-4422-A8C4-16441AF23A40}"
EndProject
Project("{FAE04EC0-301F-11D3-BF4B-00C04F79EFBC}") = "Passenger.Api", "src\Passenger\Passenger.Api\Passenger.Api.csproj", "{C569F358-49A4-486E-B69B-313D90E43CAC}"
EndProject
Project("{2150E333-8FDC-42A3-9474-1A3956D46DE8}") = "BusProvider", "BusProvider", "{7C5B6F2D-50C2-3C70-5239-F29D9703800A}"
EndProject
Project("{FAE04EC0-301F-11D3-BF4B-00C04F79EFBC}") = "BusProvider.Domain", "src\BusProvider\BusProvider.Domain\BusProvider.Domain.csproj", "{340B979F-AFD3-483B-82DA-DC45CACA63C7}"
EndProject
Project("{FAE04EC0-301F-11D3-BF4B-00C04F79EFBC}") = "BusProvider.Application", "src\BusProvider\BusProvider.Application\BusProvider.Application.csproj", "{71F8C304-F726-4339-9D66-1C39BD77AD8D}"
EndProject
Project("{FAE04EC0-301F-11D3-BF4B-00C04F79EFBC}") = "BusProvider.Infrastructure", "src\BusProvider\BusProvider.Infrastructure\BusProvider.Infrastructure.csproj", "{C7CD5091-410A-4DFD-ACB9-3F9F48D3E6DC}"
EndProject
Project("{FAE04EC0-301F-11D3-BF4B-00C04F79EFBC}") = "BusProvider.Api", "src\BusProvider\BusProvider.Api\BusProvider.Api.csproj", "{07A0F657-7C18-49C3-B25F-BD0A5E2CDD19}"
EndProject
Global
	GlobalSection(SolutionConfigurationPlatforms) = preSolution
		Debug|Any CPU = Debug|Any CPU
		Debug|x64 = Debug|x64
		Debug|x86 = Debug|x86
		Release|Any CPU = Release|Any CPU
		Release|x64 = Release|x64
		Release|x86 = Release|x86
	EndGlobalSection
	GlobalSection(ProjectConfigurationPlatforms) = postSolution
		{21369219-8AE0-4026-9753-557891704B57}.Debug|Any CPU.ActiveCfg = Debug|Any CPU
		{21369219-8AE0-4026-9753-557891704B57}.Debug|Any CPU.Build.0 = Debug|Any CPU
		{21369219-8AE0-4026-9753-557891704B57}.Debug|x64.ActiveCfg = Debug|Any CPU
		{21369219-8AE0-4026-9753-557891704B57}.Debug|x64.Build.0 = Debug|Any CPU
		{21369219-8AE0-4026-9753-557891704B57}.Debug|x86.ActiveCfg = Debug|Any CPU
		{21369219-8AE0-4026-9753-557891704B57}.Debug|x86.Build.0 = Debug|Any CPU
		{21369219-8AE0-4026-9753-557891704B57}.Release|Any CPU.ActiveCfg = Release|Any CPU
		{21369219-8AE0-4026-9753-557891704B57}.Release|Any CPU.Build.0 = Release|Any CPU
		{21369219-8AE0-4026-9753-557891704B57}.Release|x64.ActiveCfg = Release|Any CPU
		{21369219-8AE0-4026-9753-557891704B57}.Release|x64.Build.0 = Release|Any CPU
		{21369219-8AE0-4026-9753-557891704B57}.Release|x86.ActiveCfg = Release|Any CPU
		{21369219-8AE0-4026-9753-557891704B57}.Release|x86.Build.0 = Release|Any CPU
		{9F2C9096-ABE9-443D-89AD-D0C1D681E69D}.Debug|Any CPU.ActiveCfg = Debug|Any CPU
		{9F2C9096-ABE9-443D-89AD-D0C1D681E69D}.Debug|Any CPU.Build.0 = Debug|Any CPU
		{9F2C9096-ABE9-443D-89AD-D0C1D681E69D}.Debug|x64.ActiveCfg = Debug|Any CPU
		{9F2C9096-ABE9-443D-89AD-D0C1D681E69D}.Debug|x64.Build.0 = Debug|Any CPU
		{9F2C9096-ABE9-443D-89AD-D0C1D681E69D}.Debug|x86.ActiveCfg = Debug|Any CPU
		{9F2C9096-ABE9-443D-89AD-D0C1D681E69D}.Debug|x86.Build.0 = Debug|Any CPU
		{9F2C9096-ABE9-443D-89AD-D0C1D681E69D}.Release|Any CPU.ActiveCfg = Release|Any CPU
		{9F2C9096-ABE9-443D-89AD-D0C1D681E69D}.Release|Any CPU.Build.0 = Release|Any CPU
		{9F2C9096-ABE9-443D-89AD-D0C1D681E69D}.Release|x64.ActiveCfg = Release|Any CPU
		{9F2C9096-ABE9-443D-89AD-D0C1D681E69D}.Release|x64.Build.0 = Release|Any CPU
		{9F2C9096-ABE9-443D-89AD-D0C1D681E69D}.Release|x86.ActiveCfg = Release|Any CPU
		{9F2C9096-ABE9-443D-89AD-D0C1D681E69D}.Release|x86.Build.0 = Release|Any CPU
		{2293986E-DEDD-42A1-9823-31F12B800793}.Debug|Any CPU.ActiveCfg = Debug|Any CPU
		{2293986E-DEDD-42A1-9823-31F12B800793}.Debug|Any CPU.Build.0 = Debug|Any CPU
		{2293986E-DEDD-42A1-9823-31F12B800793}.Debug|x64.ActiveCfg = Debug|Any CPU
		{2293986E-DEDD-42A1-9823-31F12B800793}.Debug|x64.Build.0 = Debug|Any CPU
		{2293986E-DEDD-42A1-9823-31F12B800793}.Debug|x86.ActiveCfg = Debug|Any CPU
		{2293986E-DEDD-42A1-9823-31F12B800793}.Debug|x86.Build.0 = Debug|Any CPU
		{2293986E-DEDD-42A1-9823-31F12B800793}.Release|Any CPU.ActiveCfg = Release|Any CPU
		{2293986E-DEDD-42A1-9823-31F12B800793}.Release|Any CPU.Build.0 = Release|Any CPU
		{2293986E-DEDD-42A1-9823-31F12B800793}.Release|x64.ActiveCfg = Release|Any CPU
		{2293986E-DEDD-42A1-9823-31F12B800793}.Release|x64.Build.0 = Release|Any CPU
		{2293986E-DEDD-42A1-9823-31F12B800793}.Release|x86.ActiveCfg = Release|Any CPU
		{2293986E-DEDD-42A1-9823-31F12B800793}.Release|x86.Build.0 = Release|Any CPU
		{D59EC588-03AF-4ADA-AC38-1534F12C755C}.Debug|Any CPU.ActiveCfg = Debug|Any CPU
		{D59EC588-03AF-4ADA-AC38-1534F12C755C}.Debug|Any CPU.Build.0 = Debug|Any CPU
		{D59EC588-03AF-4ADA-AC38-1534F12C755C}.Debug|x64.ActiveCfg = Debug|Any CPU
		{D59EC588-03AF-4ADA-AC38-1534F12C755C}.Debug|x64.Build.0 = Debug|Any CPU
		{D59EC588-03AF-4ADA-AC38-1534F12C755C}.Debug|x86.ActiveCfg = Debug|Any CPU
		{D59EC588-03AF-4ADA-AC38-1534F12C755C}.Debug|x86.Build.0 = Debug|Any CPU
		{D59EC588-03AF-4ADA-AC38-1534F12C755C}.Release|Any CPU.ActiveCfg = Release|Any CPU
		{D59EC588-03AF-4ADA-AC38-1534F12C755C}.Release|Any CPU.Build.0 = Release|Any CPU
		{D59EC588-03AF-4ADA-AC38-1534F12C755C}.Release|x64.ActiveCfg = Release|Any CPU
		{D59EC588-03AF-4ADA-AC38-1534F12C755C}.Release|x64.Build.0 = Release|Any CPU
		{D59EC588-03AF-4ADA-AC38-1534F12C755C}.Release|x86.ActiveCfg = Release|Any CPU
		{D59EC588-03AF-4ADA-AC38-1534F12C755C}.Release|x86.Build.0 = Release|Any CPU
		{E587546C-60E0-4ED0-B0D4-9398674C01C4}.Debug|Any CPU.ActiveCfg = Debug|Any CPU
		{E587546C-60E0-4ED0-B0D4-9398674C01C4}.Debug|Any CPU.Build.0 = Debug|Any CPU
		{E587546C-60E0-4ED0-B0D4-9398674C01C4}.Debug|x64.ActiveCfg = Debug|Any CPU
		{E587546C-60E0-4ED0-B0D4-9398674C01C4}.Debug|x64.Build.0 = Debug|Any CPU
		{E587546C-60E0-4ED0-B0D4-9398674C01C4}.Debug|x86.ActiveCfg = Debug|Any CPU
		{E587546C-60E0-4ED0-B0D4-9398674C01C4}.Debug|x86.Build.0 = Debug|Any CPU
		{E587546C-60E0-4ED0-B0D4-9398674C01C4}.Release|Any CPU.ActiveCfg = Release|Any CPU
		{E587546C-60E0-4ED0-B0D4-9398674C01C4}.Release|Any CPU.Build.0 = Release|Any CPU
		{E587546C-60E0-4ED0-B0D4-9398674C01C4}.Release|x64.ActiveCfg = Release|Any CPU
		{E587546C-60E0-4ED0-B0D4-9398674C01C4}.Release|x64.Build.0 = Release|Any CPU
		{E587546C-60E0-4ED0-B0D4-9398674C01C4}.Release|x86.ActiveCfg = Release|Any CPU
		{E587546C-60E0-4ED0-B0D4-9398674C01C4}.Release|x86.Build.0 = Release|Any CPU
		{1CA3D8DD-9C6A-47BA-AC10-3021844EAE13}.Debug|Any CPU.ActiveCfg = Debug|Any CPU
		{1CA3D8DD-9C6A-47BA-AC10-3021844EAE13}.Debug|Any CPU.Build.0 = Debug|Any CPU
		{1CA3D8DD-9C6A-47BA-AC10-3021844EAE13}.Debug|x64.ActiveCfg = Debug|Any CPU
		{1CA3D8DD-9C6A-47BA-AC10-3021844EAE13}.Debug|x64.Build.0 = Debug|Any CPU
		{1CA3D8DD-9C6A-47BA-AC10-3021844EAE13}.Debug|x86.ActiveCfg = Debug|Any CPU
		{1CA3D8DD-9C6A-47BA-AC10-3021844EAE13}.Debug|x86.Build.0 = Debug|Any CPU
		{1CA3D8DD-9C6A-47BA-AC10-3021844EAE13}.Release|Any CPU.ActiveCfg = Release|Any CPU
		{1CA3D8DD-9C6A-47BA-AC10-3021844EAE13}.Release|Any CPU.Build.0 = Release|Any CPU
		{1CA3D8DD-9C6A-47BA-AC10-3021844EAE13}.Release|x64.ActiveCfg = Release|Any CPU
		{1CA3D8DD-9C6A-47BA-AC10-3021844EAE13}.Release|x64.Build.0 = Release|Any CPU
		{1CA3D8DD-9C6A-47BA-AC10-3021844EAE13}.Release|x86.ActiveCfg = Release|Any CPU
		{1CA3D8DD-9C6A-47BA-AC10-3021844EAE13}.Release|x86.Build.0 = Release|Any CPU
		{4588E318-746F-4383-A671-FD553551163C}.Debug|Any CPU.ActiveCfg = Debug|Any CPU
		{4588E318-746F-4383-A671-FD553551163C}.Debug|Any CPU.Build.0 = Debug|Any CPU
		{4588E318-746F-4383-A671-FD553551163C}.Debug|x64.ActiveCfg = Debug|Any CPU
		{4588E318-746F-4383-A671-FD553551163C}.Debug|x64.Build.0 = Debug|Any CPU
		{4588E318-746F-4383-A671-FD553551163C}.Debug|x86.ActiveCfg = Debug|Any CPU
		{4588E318-746F-4383-A671-FD553551163C}.Debug|x86.Build.0 = Debug|Any CPU
		{4588E318-746F-4383-A671-FD553551163C}.Release|Any CPU.ActiveCfg = Release|Any CPU
		{4588E318-746F-4383-A671-FD553551163C}.Release|Any CPU.Build.0 = Release|Any CPU
		{4588E318-746F-4383-A671-FD553551163C}.Release|x64.ActiveCfg = Release|Any CPU
		{4588E318-746F-4383-A671-FD553551163C}.Release|x64.Build.0 = Release|Any CPU
		{4588E318-746F-4383-A671-FD553551163C}.Release|x86.ActiveCfg = Release|Any CPU
		{4588E318-746F-4383-A671-FD553551163C}.Release|x86.Build.0 = Release|Any CPU
		{AD1B37B8-77CE-4902-A499-F866F61AAF20}.Debug|Any CPU.ActiveCfg = Debug|Any CPU
		{AD1B37B8-77CE-4902-A499-F866F61AAF20}.Debug|Any CPU.Build.0 = Debug|Any CPU
		{AD1B37B8-77CE-4902-A499-F866F61AAF20}.Debug|x64.ActiveCfg = Debug|Any CPU
		{AD1B37B8-77CE-4902-A499-F866F61AAF20}.Debug|x64.Build.0 = Debug|Any CPU
		{AD1B37B8-77CE-4902-A499-F866F61AAF20}.Debug|x86.ActiveCfg = Debug|Any CPU
		{AD1B37B8-77CE-4902-A499-F866F61AAF20}.Debug|x86.Build.0 = Debug|Any CPU
		{AD1B37B8-77CE-4902-A499-F866F61AAF20}.Release|Any CPU.ActiveCfg = Release|Any CPU
		{AD1B37B8-77CE-4902-A499-F866F61AAF20}.Release|Any CPU.Build.0 = Release|Any CPU
		{AD1B37B8-77CE-4902-A499-F866F61AAF20}.Release|x64.ActiveCfg = Release|Any CPU
		{AD1B37B8-77CE-4902-A499-F866F61AAF20}.Release|x64.Build.0 = Release|Any CPU
		{AD1B37B8-77CE-4902-A499-F866F61AAF20}.Release|x86.ActiveCfg = Release|Any CPU
		{AD1B37B8-77CE-4902-A499-F866F61AAF20}.Release|x86.Build.0 = Release|Any CPU
		{027D1567-5104-494C-9C68-66ABBDC8E65F}.Debug|Any CPU.ActiveCfg = Debug|Any CPU
		{027D1567-5104-494C-9C68-66ABBDC8E65F}.Debug|Any CPU.Build.0 = Debug|Any CPU
		{027D1567-5104-494C-9C68-66ABBDC8E65F}.Debug|x64.ActiveCfg = Debug|Any CPU
		{027D1567-5104-494C-9C68-66ABBDC8E65F}.Debug|x64.Build.0 = Debug|Any CPU
		{027D1567-5104-494C-9C68-66ABBDC8E65F}.Debug|x86.ActiveCfg = Debug|Any CPU
		{027D1567-5104-494C-9C68-66ABBDC8E65F}.Debug|x86.Build.0 = Debug|Any CPU
		{027D1567-5104-494C-9C68-66ABBDC8E65F}.Release|Any CPU.ActiveCfg = Release|Any CPU
		{027D1567-5104-494C-9C68-66ABBDC8E65F}.Release|Any CPU.Build.0 = Release|Any CPU
		{027D1567-5104-494C-9C68-66ABBDC8E65F}.Release|x64.ActiveCfg = Release|Any CPU
		{027D1567-5104-494C-9C68-66ABBDC8E65F}.Release|x64.Build.0 = Release|Any CPU
		{027D1567-5104-494C-9C68-66ABBDC8E65F}.Release|x86.ActiveCfg = Release|Any CPU
		{027D1567-5104-494C-9C68-66ABBDC8E65F}.Release|x86.Build.0 = Release|Any CPU
		{7EFE33B4-3A19-4B95-B039-A04166086934}.Debug|Any CPU.ActiveCfg = Debug|Any CPU
		{7EFE33B4-3A19-4B95-B039-A04166086934}.Debug|Any CPU.Build.0 = Debug|Any CPU
		{7EFE33B4-3A19-4B95-B039-A04166086934}.Debug|x64.ActiveCfg = Debug|Any CPU
		{7EFE33B4-3A19-4B95-B039-A04166086934}.Debug|x64.Build.0 = Debug|Any CPU
		{7EFE33B4-3A19-4B95-B039-A04166086934}.Debug|x86.ActiveCfg = Debug|Any CPU
		{7EFE33B4-3A19-4B95-B039-A04166086934}.Debug|x86.Build.0 = Debug|Any CPU
		{7EFE33B4-3A19-4B95-B039-A04166086934}.Release|Any CPU.ActiveCfg = Release|Any CPU
		{7EFE33B4-3A19-4B95-B039-A04166086934}.Release|Any CPU.Build.0 = Release|Any CPU
		{7EFE33B4-3A19-4B95-B039-A04166086934}.Release|x64.ActiveCfg = Release|Any CPU
		{7EFE33B4-3A19-4B95-B039-A04166086934}.Release|x64.Build.0 = Release|Any CPU
		{7EFE33B4-3A19-4B95-B039-A04166086934}.Release|x86.ActiveCfg = Release|Any CPU
		{7EFE33B4-3A19-4B95-B039-A04166086934}.Release|x86.Build.0 = Release|Any CPU
		{CD950290-010F-4E20-BE36-616DC1C0E925}.Debug|Any CPU.ActiveCfg = Debug|Any CPU
		{CD950290-010F-4E20-BE36-616DC1C0E925}.Debug|Any CPU.Build.0 = Debug|Any CPU
		{CD950290-010F-4E20-BE36-616DC1C0E925}.Debug|x64.ActiveCfg = Debug|Any CPU
		{CD950290-010F-4E20-BE36-616DC1C0E925}.Debug|x64.Build.0 = Debug|Any CPU
		{CD950290-010F-4E20-BE36-616DC1C0E925}.Debug|x86.ActiveCfg = Debug|Any CPU
		{CD950290-010F-4E20-BE36-616DC1C0E925}.Debug|x86.Build.0 = Debug|Any CPU
		{CD950290-010F-4E20-BE36-616DC1C0E925}.Release|Any CPU.ActiveCfg = Release|Any CPU
		{CD950290-010F-4E20-BE36-616DC1C0E925}.Release|Any CPU.Build.0 = Release|Any CPU
		{CD950290-010F-4E20-BE36-616DC1C0E925}.Release|x64.ActiveCfg = Release|Any CPU
		{CD950290-010F-4E20-BE36-616DC1C0E925}.Release|x64.Build.0 = Release|Any CPU
		{CD950290-010F-4E20-BE36-616DC1C0E925}.Release|x86.ActiveCfg = Release|Any CPU
		{CD950290-010F-4E20-BE36-616DC1C0E925}.Release|x86.Build.0 = Release|Any CPU
		{779391D3-FCC3-4E0F-850F-96C5971332B5}.Debug|Any CPU.ActiveCfg = Debug|Any CPU
		{779391D3-FCC3-4E0F-850F-96C5971332B5}.Debug|Any CPU.Build.0 = Debug|Any CPU
		{779391D3-FCC3-4E0F-850F-96C5971332B5}.Debug|x64.ActiveCfg = Debug|Any CPU
		{779391D3-FCC3-4E0F-850F-96C5971332B5}.Debug|x64.Build.0 = Debug|Any CPU
		{779391D3-FCC3-4E0F-850F-96C5971332B5}.Debug|x86.ActiveCfg = Debug|Any CPU
		{779391D3-FCC3-4E0F-850F-96C5971332B5}.Debug|x86.Build.0 = Debug|Any CPU
		{779391D3-FCC3-4E0F-850F-96C5971332B5}.Release|Any CPU.ActiveCfg = Release|Any CPU
		{779391D3-FCC3-4E0F-850F-96C5971332B5}.Release|Any CPU.Build.0 = Release|Any CPU
		{779391D3-FCC3-4E0F-850F-96C5971332B5}.Release|x64.ActiveCfg = Release|Any CPU
		{779391D3-FCC3-4E0F-850F-96C5971332B5}.Release|x64.Build.0 = Release|Any CPU
		{779391D3-FCC3-4E0F-850F-96C5971332B5}.Release|x86.ActiveCfg = Release|Any CPU
		{779391D3-FCC3-4E0F-850F-96C5971332B5}.Release|x86.Build.0 = Release|Any CPU
		{3EF3F7B1-5575-4F7F-92D5-751EBE7C410A}.Debug|Any CPU.ActiveCfg = Debug|Any CPU
		{3EF3F7B1-5575-4F7F-92D5-751EBE7C410A}.Debug|Any CPU.Build.0 = Debug|Any CPU
		{3EF3F7B1-5575-4F7F-92D5-751EBE7C410A}.Debug|x64.ActiveCfg = Debug|Any CPU
		{3EF3F7B1-5575-4F7F-92D5-751EBE7C410A}.Debug|x64.Build.0 = Debug|Any CPU
		{3EF3F7B1-5575-4F7F-92D5-751EBE7C410A}.Debug|x86.ActiveCfg = Debug|Any CPU
		{3EF3F7B1-5575-4F7F-92D5-751EBE7C410A}.Debug|x86.Build.0 = Debug|Any CPU
		{3EF3F7B1-5575-4F7F-92D5-751EBE7C410A}.Release|Any CPU.ActiveCfg = Release|Any CPU
		{3EF3F7B1-5575-4F7F-92D5-751EBE7C410A}.Release|Any CPU.Build.0 = Release|Any CPU
		{3EF3F7B1-5575-4F7F-92D5-751EBE7C410A}.Release|x64.ActiveCfg = Release|Any CPU
		{3EF3F7B1-5575-4F7F-92D5-751EBE7C410A}.Release|x64.Build.0 = Release|Any CPU
		{3EF3F7B1-5575-4F7F-92D5-751EBE7C410A}.Release|x86.ActiveCfg = Release|Any CPU
		{3EF3F7B1-5575-4F7F-92D5-751EBE7C410A}.Release|x86.Build.0 = Release|Any CPU
		{8C1E292C-B25A-4DE1-9B2D-4115E6021C90}.Debug|Any CPU.ActiveCfg = Debug|Any CPU
		{8C1E292C-B25A-4DE1-9B2D-4115E6021C90}.Debug|Any CPU.Build.0 = Debug|Any CPU
		{8C1E292C-B25A-4DE1-9B2D-4115E6021C90}.Debug|x64.ActiveCfg = Debug|Any CPU
		{8C1E292C-B25A-4DE1-9B2D-4115E6021C90}.Debug|x64.Build.0 = Debug|Any CPU
		{8C1E292C-B25A-4DE1-9B2D-4115E6021C90}.Debug|x86.ActiveCfg = Debug|Any CPU
		{8C1E292C-B25A-4DE1-9B2D-4115E6021C90}.Debug|x86.Build.0 = Debug|Any CPU
		{8C1E292C-B25A-4DE1-9B2D-4115E6021C90}.Release|Any CPU.ActiveCfg = Release|Any CPU
		{8C1E292C-B25A-4DE1-9B2D-4115E6021C90}.Release|Any CPU.Build.0 = Release|Any CPU
		{8C1E292C-B25A-4DE1-9B2D-4115E6021C90}.Release|x64.ActiveCfg = Release|Any CPU
		{8C1E292C-B25A-4DE1-9B2D-4115E6021C90}.Release|x64.Build.0 = Release|Any CPU
		{8C1E292C-B25A-4DE1-9B2D-4115E6021C90}.Release|x86.ActiveCfg = Release|Any CPU
		{8C1E292C-B25A-4DE1-9B2D-4115E6021C90}.Release|x86.Build.0 = Release|Any CPU
		{1B1EDA5D-23CA-4CE6-AC49-A1437883AEF6}.Debug|Any CPU.ActiveCfg = Debug|Any CPU
		{1B1EDA5D-23CA-4CE6-AC49-A1437883AEF6}.Debug|Any CPU.Build.0 = Debug|Any CPU
		{1B1EDA5D-23CA-4CE6-AC49-A1437883AEF6}.Debug|x64.ActiveCfg = Debug|Any CPU
		{1B1EDA5D-23CA-4CE6-AC49-A1437883AEF6}.Debug|x64.Build.0 = Debug|Any CPU
		{1B1EDA5D-23CA-4CE6-AC49-A1437883AEF6}.Debug|x86.ActiveCfg = Debug|Any CPU
		{1B1EDA5D-23CA-4CE6-AC49-A1437883AEF6}.Debug|x86.Build.0 = Debug|Any CPU
		{1B1EDA5D-23CA-4CE6-AC49-A1437883AEF6}.Release|Any CPU.ActiveCfg = Release|Any CPU
		{1B1EDA5D-23CA-4CE6-AC49-A1437883AEF6}.Release|Any CPU.Build.0 = Release|Any CPU
		{1B1EDA5D-23CA-4CE6-AC49-A1437883AEF6}.Release|x64.ActiveCfg = Release|Any CPU
		{1B1EDA5D-23CA-4CE6-AC49-A1437883AEF6}.Release|x64.Build.0 = Release|Any CPU
		{1B1EDA5D-23CA-4CE6-AC49-A1437883AEF6}.Release|x86.ActiveCfg = Release|Any CPU
		{1B1EDA5D-23CA-4CE6-AC49-A1437883AEF6}.Release|x86.Build.0 = Release|Any CPU
		{269431AB-E827-4844-84AC-B0F5F14B0BAC}.Debug|Any CPU.ActiveCfg = Debug|Any CPU
		{269431AB-E827-4844-84AC-B0F5F14B0BAC}.Debug|Any CPU.Build.0 = Debug|Any CPU
		{269431AB-E827-4844-84AC-B0F5F14B0BAC}.Debug|x64.ActiveCfg = Debug|Any CPU
		{269431AB-E827-4844-84AC-B0F5F14B0BAC}.Debug|x64.Build.0 = Debug|Any CPU
		{269431AB-E827-4844-84AC-B0F5F14B0BAC}.Debug|x86.ActiveCfg = Debug|Any CPU
		{269431AB-E827-4844-84AC-B0F5F14B0BAC}.Debug|x86.Build.0 = Debug|Any CPU
		{269431AB-E827-4844-84AC-B0F5F14B0BAC}.Release|Any CPU.ActiveCfg = Release|Any CPU
		{269431AB-E827-4844-84AC-B0F5F14B0BAC}.Release|Any CPU.Build.0 = Release|Any CPU
		{269431AB-E827-4844-84AC-B0F5F14B0BAC}.Release|x64.ActiveCfg = Release|Any CPU
		{269431AB-E827-4844-84AC-B0F5F14B0BAC}.Release|x64.Build.0 = Release|Any CPU
		{269431AB-E827-4844-84AC-B0F5F14B0BAC}.Release|x86.ActiveCfg = Release|Any CPU
		{269431AB-E827-4844-84AC-B0F5F14B0BAC}.Release|x86.Build.0 = Release|Any CPU
		{36F28774-FC34-4FA9-B824-BBF8B4EEAA68}.Debug|Any CPU.ActiveCfg = Debug|Any CPU
		{36F28774-FC34-4FA9-B824-BBF8B4EEAA68}.Debug|Any CPU.Build.0 = Debug|Any CPU
		{36F28774-FC34-4FA9-B824-BBF8B4EEAA68}.Debug|x64.ActiveCfg = Debug|Any CPU
		{36F28774-FC34-4FA9-B824-BBF8B4EEAA68}.Debug|x64.Build.0 = Debug|Any CPU
		{36F28774-FC34-4FA9-B824-BBF8B4EEAA68}.Debug|x86.ActiveCfg = Debug|Any CPU
		{36F28774-FC34-4FA9-B824-BBF8B4EEAA68}.Debug|x86.Build.0 = Debug|Any CPU
		{36F28774-FC34-4FA9-B824-BBF8B4EEAA68}.Release|Any CPU.ActiveCfg = Release|Any CPU
		{36F28774-FC34-4FA9-B824-BBF8B4EEAA68}.Release|Any CPU.Build.0 = Release|Any CPU
		{36F28774-FC34-4FA9-B824-BBF8B4EEAA68}.Release|x64.ActiveCfg = Release|Any CPU
		{36F28774-FC34-4FA9-B824-BBF8B4EEAA68}.Release|x64.Build.0 = Release|Any CPU
		{36F28774-FC34-4FA9-B824-BBF8B4EEAA68}.Release|x86.ActiveCfg = Release|Any CPU
		{36F28774-FC34-4FA9-B824-BBF8B4EEAA68}.Release|x86.Build.0 = Release|Any CPU
		{3FAE2DCA-8C40-46A0-8745-419C392F04D7}.Debug|Any CPU.ActiveCfg = Debug|Any CPU
		{3FAE2DCA-8C40-46A0-8745-419C392F04D7}.Debug|Any CPU.Build.0 = Debug|Any CPU
		{3FAE2DCA-8C40-46A0-8745-419C392F04D7}.Debug|x64.ActiveCfg = Debug|Any CPU
		{3FAE2DCA-8C40-46A0-8745-419C392F04D7}.Debug|x64.Build.0 = Debug|Any CPU
		{3FAE2DCA-8C40-46A0-8745-419C392F04D7}.Debug|x86.ActiveCfg = Debug|Any CPU
		{3FAE2DCA-8C40-46A0-8745-419C392F04D7}.Debug|x86.Build.0 = Debug|Any CPU
		{3FAE2DCA-8C40-46A0-8745-419C392F04D7}.Release|Any CPU.ActiveCfg = Release|Any CPU
		{3FAE2DCA-8C40-46A0-8745-419C392F04D7}.Release|Any CPU.Build.0 = Release|Any CPU
		{3FAE2DCA-8C40-46A0-8745-419C392F04D7}.Release|x64.ActiveCfg = Release|Any CPU
		{3FAE2DCA-8C40-46A0-8745-419C392F04D7}.Release|x64.Build.0 = Release|Any CPU
		{3FAE2DCA-8C40-46A0-8745-419C392F04D7}.Release|x86.ActiveCfg = Release|Any CPU
		{3FAE2DCA-8C40-46A0-8745-419C392F04D7}.Release|x86.Build.0 = Release|Any CPU
		{15FE2149-A776-40C0-84FB-859E884C3BF8}.Debug|Any CPU.ActiveCfg = Debug|Any CPU
		{15FE2149-A776-40C0-84FB-859E884C3BF8}.Debug|Any CPU.Build.0 = Debug|Any CPU
		{15FE2149-A776-40C0-84FB-859E884C3BF8}.Debug|x64.ActiveCfg = Debug|Any CPU
		{15FE2149-A776-40C0-84FB-859E884C3BF8}.Debug|x64.Build.0 = Debug|Any CPU
		{15FE2149-A776-40C0-84FB-859E884C3BF8}.Debug|x86.ActiveCfg = Debug|Any CPU
		{15FE2149-A776-40C0-84FB-859E884C3BF8}.Debug|x86.Build.0 = Debug|Any CPU
		{15FE2149-A776-40C0-84FB-859E884C3BF8}.Release|Any CPU.ActiveCfg = Release|Any CPU
		{15FE2149-A776-40C0-84FB-859E884C3BF8}.Release|Any CPU.Build.0 = Release|Any CPU
		{15FE2149-A776-40C0-84FB-859E884C3BF8}.Release|x64.ActiveCfg = Release|Any CPU
		{15FE2149-A776-40C0-84FB-859E884C3BF8}.Release|x64.Build.0 = Release|Any CPU
		{15FE2149-A776-40C0-84FB-859E884C3BF8}.Release|x86.ActiveCfg = Release|Any CPU
		{15FE2149-A776-40C0-84FB-859E884C3BF8}.Release|x86.Build.0 = Release|Any CPU
		{80C68E42-CFFE-4132-85D8-0C048A38874B}.Debug|Any CPU.ActiveCfg = Debug|Any CPU
		{80C68E42-CFFE-4132-85D8-0C048A38874B}.Debug|Any CPU.Build.0 = Debug|Any CPU
		{80C68E42-CFFE-4132-85D8-0C048A38874B}.Debug|x64.ActiveCfg = Debug|Any CPU
		{80C68E42-CFFE-4132-85D8-0C048A38874B}.Debug|x64.Build.0 = Debug|Any CPU
		{80C68E42-CFFE-4132-85D8-0C048A38874B}.Debug|x86.ActiveCfg = Debug|Any CPU
		{80C68E42-CFFE-4132-85D8-0C048A38874B}.Debug|x86.Build.0 = Debug|Any CPU
		{80C68E42-CFFE-4132-85D8-0C048A38874B}.Release|Any CPU.ActiveCfg = Release|Any CPU
		{80C68E42-CFFE-4132-85D8-0C048A38874B}.Release|Any CPU.Build.0 = Release|Any CPU
		{80C68E42-CFFE-4132-85D8-0C048A38874B}.Release|x64.ActiveCfg = Release|Any CPU
		{80C68E42-CFFE-4132-85D8-0C048A38874B}.Release|x64.Build.0 = Release|Any CPU
		{80C68E42-CFFE-4132-85D8-0C048A38874B}.Release|x86.ActiveCfg = Release|Any CPU
		{80C68E42-CFFE-4132-85D8-0C048A38874B}.Release|x86.Build.0 = Release|Any CPU
		{7905BE19-4F6F-4689-A96A-026220D7FC4B}.Debug|Any CPU.ActiveCfg = Debug|Any CPU
		{7905BE19-4F6F-4689-A96A-026220D7FC4B}.Debug|Any CPU.Build.0 = Debug|Any CPU
		{7905BE19-4F6F-4689-A96A-026220D7FC4B}.Debug|x64.ActiveCfg = Debug|Any CPU
		{7905BE19-4F6F-4689-A96A-026220D7FC4B}.Debug|x64.Build.0 = Debug|Any CPU
		{7905BE19-4F6F-4689-A96A-026220D7FC4B}.Debug|x86.ActiveCfg = Debug|Any CPU
		{7905BE19-4F6F-4689-A96A-026220D7FC4B}.Debug|x86.Build.0 = Debug|Any CPU
		{7905BE19-4F6F-4689-A96A-026220D7FC4B}.Release|Any CPU.ActiveCfg = Release|Any CPU
		{7905BE19-4F6F-4689-A96A-026220D7FC4B}.Release|Any CPU.Build.0 = Release|Any CPU
		{7905BE19-4F6F-4689-A96A-026220D7FC4B}.Release|x64.ActiveCfg = Release|Any CPU
		{7905BE19-4F6F-4689-A96A-026220D7FC4B}.Release|x64.Build.0 = Release|Any CPU
		{7905BE19-4F6F-4689-A96A-026220D7FC4B}.Release|x86.ActiveCfg = Release|Any CPU
		{7905BE19-4F6F-4689-A96A-026220D7FC4B}.Release|x86.Build.0 = Release|Any CPU
		{63EC9793-8510-4F0E-9FC0-83C9887780E9}.Debug|Any CPU.ActiveCfg = Debug|Any CPU
		{63EC9793-8510-4F0E-9FC0-83C9887780E9}.Debug|Any CPU.Build.0 = Debug|Any CPU
		{63EC9793-8510-4F0E-9FC0-83C9887780E9}.Debug|x64.ActiveCfg = Debug|Any CPU
		{63EC9793-8510-4F0E-9FC0-83C9887780E9}.Debug|x64.Build.0 = Debug|Any CPU
		{63EC9793-8510-4F0E-9FC0-83C9887780E9}.Debug|x86.ActiveCfg = Debug|Any CPU
		{63EC9793-8510-4F0E-9FC0-83C9887780E9}.Debug|x86.Build.0 = Debug|Any CPU
		{63EC9793-8510-4F0E-9FC0-83C9887780E9}.Release|Any CPU.ActiveCfg = Release|Any CPU
		{63EC9793-8510-4F0E-9FC0-83C9887780E9}.Release|Any CPU.Build.0 = Release|Any CPU
		{63EC9793-8510-4F0E-9FC0-83C9887780E9}.Release|x64.ActiveCfg = Release|Any CPU
		{63EC9793-8510-4F0E-9FC0-83C9887780E9}.Release|x64.Build.0 = Release|Any CPU
		{63EC9793-8510-4F0E-9FC0-83C9887780E9}.Release|x86.ActiveCfg = Release|Any CPU
		{63EC9793-8510-4F0E-9FC0-83C9887780E9}.Release|x86.Build.0 = Release|Any CPU
		{2E1BA3CD-5004-4A25-B829-69C393E4A77E}.Debug|Any CPU.ActiveCfg = Debug|Any CPU
		{2E1BA3CD-5004-4A25-B829-69C393E4A77E}.Debug|Any CPU.Build.0 = Debug|Any CPU
		{2E1BA3CD-5004-4A25-B829-69C393E4A77E}.Debug|x64.ActiveCfg = Debug|Any CPU
		{2E1BA3CD-5004-4A25-B829-69C393E4A77E}.Debug|x64.Build.0 = Debug|Any CPU
		{2E1BA3CD-5004-4A25-B829-69C393E4A77E}.Debug|x86.ActiveCfg = Debug|Any CPU
		{2E1BA3CD-5004-4A25-B829-69C393E4A77E}.Debug|x86.Build.0 = Debug|Any CPU
		{2E1BA3CD-5004-4A25-B829-69C393E4A77E}.Release|Any CPU.ActiveCfg = Release|Any CPU
		{2E1BA3CD-5004-4A25-B829-69C393E4A77E}.Release|Any CPU.Build.0 = Release|Any CPU
		{2E1BA3CD-5004-4A25-B829-69C393E4A77E}.Release|x64.ActiveCfg = Release|Any CPU
		{2E1BA3CD-5004-4A25-B829-69C393E4A77E}.Release|x64.Build.0 = Release|Any CPU
		{2E1BA3CD-5004-4A25-B829-69C393E4A77E}.Release|x86.ActiveCfg = Release|Any CPU
		{2E1BA3CD-5004-4A25-B829-69C393E4A77E}.Release|x86.Build.0 = Release|Any CPU
		{2EAA057A-AA01-44FA-BDF0-1410A17E2C9C}.Debug|Any CPU.ActiveCfg = Debug|Any CPU
		{2EAA057A-AA01-44FA-BDF0-1410A17E2C9C}.Debug|Any CPU.Build.0 = Debug|Any CPU
		{2EAA057A-AA01-44FA-BDF0-1410A17E2C9C}.Debug|x64.ActiveCfg = Debug|Any CPU
		{2EAA057A-AA01-44FA-BDF0-1410A17E2C9C}.Debug|x64.Build.0 = Debug|Any CPU
		{2EAA057A-AA01-44FA-BDF0-1410A17E2C9C}.Debug|x86.ActiveCfg = Debug|Any CPU
		{2EAA057A-AA01-44FA-BDF0-1410A17E2C9C}.Debug|x86.Build.0 = Debug|Any CPU
		{2EAA057A-AA01-44FA-BDF0-1410A17E2C9C}.Release|Any CPU.ActiveCfg = Release|Any CPU
		{2EAA057A-AA01-44FA-BDF0-1410A17E2C9C}.Release|Any CPU.Build.0 = Release|Any CPU
		{2EAA057A-AA01-44FA-BDF0-1410A17E2C9C}.Release|x64.ActiveCfg = Release|Any CPU
		{2EAA057A-AA01-44FA-BDF0-1410A17E2C9C}.Release|x64.Build.0 = Release|Any CPU
		{2EAA057A-AA01-44FA-BDF0-1410A17E2C9C}.Release|x86.ActiveCfg = Release|Any CPU
		{2EAA057A-AA01-44FA-BDF0-1410A17E2C9C}.Release|x86.Build.0 = Release|Any CPU
		{6E7A0876-2B12-47EF-8064-9A3AE298D7C3}.Debug|Any CPU.ActiveCfg = Debug|Any CPU
		{6E7A0876-2B12-47EF-8064-9A3AE298D7C3}.Debug|Any CPU.Build.0 = Debug|Any CPU
		{6E7A0876-2B12-47EF-8064-9A3AE298D7C3}.Debug|x64.ActiveCfg = Debug|Any CPU
		{6E7A0876-2B12-47EF-8064-9A3AE298D7C3}.Debug|x64.Build.0 = Debug|Any CPU
		{6E7A0876-2B12-47EF-8064-9A3AE298D7C3}.Debug|x86.ActiveCfg = Debug|Any CPU
		{6E7A0876-2B12-47EF-8064-9A3AE298D7C3}.Debug|x86.Build.0 = Debug|Any CPU
		{6E7A0876-2B12-47EF-8064-9A3AE298D7C3}.Release|Any CPU.ActiveCfg = Release|Any CPU
		{6E7A0876-2B12-47EF-8064-9A3AE298D7C3}.Release|Any CPU.Build.0 = Release|Any CPU
		{6E7A0876-2B12-47EF-8064-9A3AE298D7C3}.Release|x64.ActiveCfg = Release|Any CPU
		{6E7A0876-2B12-47EF-8064-9A3AE298D7C3}.Release|x64.Build.0 = Release|Any CPU
		{6E7A0876-2B12-47EF-8064-9A3AE298D7C3}.Release|x86.ActiveCfg = Release|Any CPU
		{6E7A0876-2B12-47EF-8064-9A3AE298D7C3}.Release|x86.Build.0 = Release|Any CPU
		{D4483A78-5679-4C2B-B126-76A0A7A10F87}.Debug|Any CPU.ActiveCfg = Debug|Any CPU
		{D4483A78-5679-4C2B-B126-76A0A7A10F87}.Debug|Any CPU.Build.0 = Debug|Any CPU
		{D4483A78-5679-4C2B-B126-76A0A7A10F87}.Debug|x64.ActiveCfg = Debug|Any CPU
		{D4483A78-5679-4C2B-B126-76A0A7A10F87}.Debug|x64.Build.0 = Debug|Any CPU
		{D4483A78-5679-4C2B-B126-76A0A7A10F87}.Debug|x86.ActiveCfg = Debug|Any CPU
		{D4483A78-5679-4C2B-B126-76A0A7A10F87}.Debug|x86.Build.0 = Debug|Any CPU
		{D4483A78-5679-4C2B-B126-76A0A7A10F87}.Release|Any CPU.ActiveCfg = Release|Any CPU
		{D4483A78-5679-4C2B-B126-76A0A7A10F87}.Release|Any CPU.Build.0 = Release|Any CPU
		{D4483A78-5679-4C2B-B126-76A0A7A10F87}.Release|x64.ActiveCfg = Release|Any CPU
		{D4483A78-5679-4C2B-B126-76A0A7A10F87}.Release|x64.Build.0 = Release|Any CPU
		{D4483A78-5679-4C2B-B126-76A0A7A10F87}.Release|x86.ActiveCfg = Release|Any CPU
		{D4483A78-5679-4C2B-B126-76A0A7A10F87}.Release|x86.Build.0 = Release|Any CPU
		{6DEC910D-3D5C-4422-A8C4-16441AF23A40}.Debug|Any CPU.ActiveCfg = Debug|Any CPU
		{6DEC910D-3D5C-4422-A8C4-16441AF23A40}.Debug|Any CPU.Build.0 = Debug|Any CPU
		{6DEC910D-3D5C-4422-A8C4-16441AF23A40}.Debug|x64.ActiveCfg = Debug|Any CPU
		{6DEC910D-3D5C-4422-A8C4-16441AF23A40}.Debug|x64.Build.0 = Debug|Any CPU
		{6DEC910D-3D5C-4422-A8C4-16441AF23A40}.Debug|x86.ActiveCfg = Debug|Any CPU
		{6DEC910D-3D5C-4422-A8C4-16441AF23A40}.Debug|x86.Build.0 = Debug|Any CPU
		{6DEC910D-3D5C-4422-A8C4-16441AF23A40}.Release|Any CPU.ActiveCfg = Release|Any CPU
		{6DEC910D-3D5C-4422-A8C4-16441AF23A40}.Release|Any CPU.Build.0 = Release|Any CPU
		{6DEC910D-3D5C-4422-A8C4-16441AF23A40}.Release|x64.ActiveCfg = Release|Any CPU
		{6DEC910D-3D5C-4422-A8C4-16441AF23A40}.Release|x64.Build.0 = Release|Any CPU
		{6DEC910D-3D5C-4422-A8C4-16441AF23A40}.Release|x86.ActiveCfg = Release|Any CPU
		{6DEC910D-3D5C-4422-A8C4-16441AF23A40}.Release|x86.Build.0 = Release|Any CPU
		{C569F358-49A4-486E-B69B-313D90E43CAC}.Debug|Any CPU.ActiveCfg = Debug|Any CPU
		{C569F358-49A4-486E-B69B-313D90E43CAC}.Debug|Any CPU.Build.0 = Debug|Any CPU
		{C569F358-49A4-486E-B69B-313D90E43CAC}.Debug|x64.ActiveCfg = Debug|Any CPU
		{C569F358-49A4-486E-B69B-313D90E43CAC}.Debug|x64.Build.0 = Debug|Any CPU
		{C569F358-49A4-486E-B69B-313D90E43CAC}.Debug|x86.ActiveCfg = Debug|Any CPU
		{C569F358-49A4-486E-B69B-313D90E43CAC}.Debug|x86.Build.0 = Debug|Any CPU
		{C569F358-49A4-486E-B69B-313D90E43CAC}.Release|Any CPU.ActiveCfg = Release|Any CPU
		{C569F358-49A4-486E-B69B-313D90E43CAC}.Release|Any CPU.Build.0 = Release|Any CPU
		{C569F358-49A4-486E-B69B-313D90E43CAC}.Release|x64.ActiveCfg = Release|Any CPU
		{C569F358-49A4-486E-B69B-313D90E43CAC}.Release|x64.Build.0 = Release|Any CPU
		{C569F358-49A4-486E-B69B-313D90E43CAC}.Release|x86.ActiveCfg = Release|Any CPU
		{C569F358-49A4-486E-B69B-313D90E43CAC}.Release|x86.Build.0 = Release|Any CPU
		{340B979F-AFD3-483B-82DA-DC45CACA63C7}.Debug|Any CPU.ActiveCfg = Debug|Any CPU
		{340B979F-AFD3-483B-82DA-DC45CACA63C7}.Debug|Any CPU.Build.0 = Debug|Any CPU
		{340B979F-AFD3-483B-82DA-DC45CACA63C7}.Debug|x64.ActiveCfg = Debug|Any CPU
		{340B979F-AFD3-483B-82DA-DC45CACA63C7}.Debug|x64.Build.0 = Debug|Any CPU
		{340B979F-AFD3-483B-82DA-DC45CACA63C7}.Debug|x86.ActiveCfg = Debug|Any CPU
		{340B979F-AFD3-483B-82DA-DC45CACA63C7}.Debug|x86.Build.0 = Debug|Any CPU
		{340B979F-AFD3-483B-82DA-DC45CACA63C7}.Release|Any CPU.ActiveCfg = Release|Any CPU
		{340B979F-AFD3-483B-82DA-DC45CACA63C7}.Release|Any CPU.Build.0 = Release|Any CPU
		{340B979F-AFD3-483B-82DA-DC45CACA63C7}.Release|x64.ActiveCfg = Release|Any CPU
		{340B979F-AFD3-483B-82DA-DC45CACA63C7}.Release|x64.Build.0 = Release|Any CPU
		{340B979F-AFD3-483B-82DA-DC45CACA63C7}.Release|x86.ActiveCfg = Release|Any CPU
		{340B979F-AFD3-483B-82DA-DC45CACA63C7}.Release|x86.Build.0 = Release|Any CPU
		{71F8C304-F726-4339-9D66-1C39BD77AD8D}.Debug|Any CPU.ActiveCfg = Debug|Any CPU
		{71F8C304-F726-4339-9D66-1C39BD77AD8D}.Debug|Any CPU.Build.0 = Debug|Any CPU
		{71F8C304-F726-4339-9D66-1C39BD77AD8D}.Debug|x64.ActiveCfg = Debug|Any CPU
		{71F8C304-F726-4339-9D66-1C39BD77AD8D}.Debug|x64.Build.0 = Debug|Any CPU
		{71F8C304-F726-4339-9D66-1C39BD77AD8D}.Debug|x86.ActiveCfg = Debug|Any CPU
		{71F8C304-F726-4339-9D66-1C39BD77AD8D}.Debug|x86.Build.0 = Debug|Any CPU
		{71F8C304-F726-4339-9D66-1C39BD77AD8D}.Release|Any CPU.ActiveCfg = Release|Any CPU
		{71F8C304-F726-4339-9D66-1C39BD77AD8D}.Release|Any CPU.Build.0 = Release|Any CPU
		{71F8C304-F726-4339-9D66-1C39BD77AD8D}.Release|x64.ActiveCfg = Release|Any CPU
		{71F8C304-F726-4339-9D66-1C39BD77AD8D}.Release|x64.Build.0 = Release|Any CPU
		{71F8C304-F726-4339-9D66-1C39BD77AD8D}.Release|x86.ActiveCfg = Release|Any CPU
		{71F8C304-F726-4339-9D66-1C39BD77AD8D}.Release|x86.Build.0 = Release|Any CPU
		{C7CD5091-410A-4DFD-ACB9-3F9F48D3E6DC}.Debug|Any CPU.ActiveCfg = Debug|Any CPU
		{C7CD5091-410A-4DFD-ACB9-3F9F48D3E6DC}.Debug|Any CPU.Build.0 = Debug|Any CPU
		{C7CD5091-410A-4DFD-ACB9-3F9F48D3E6DC}.Debug|x64.ActiveCfg = Debug|Any CPU
		{C7CD5091-410A-4DFD-ACB9-3F9F48D3E6DC}.Debug|x64.Build.0 = Debug|Any CPU
		{C7CD5091-410A-4DFD-ACB9-3F9F48D3E6DC}.Debug|x86.ActiveCfg = Debug|Any CPU
		{C7CD5091-410A-4DFD-ACB9-3F9F48D3E6DC}.Debug|x86.Build.0 = Debug|Any CPU
		{C7CD5091-410A-4DFD-ACB9-3F9F48D3E6DC}.Release|Any CPU.ActiveCfg = Release|Any CPU
		{C7CD5091-410A-4DFD-ACB9-3F9F48D3E6DC}.Release|Any CPU.Build.0 = Release|Any CPU
		{C7CD5091-410A-4DFD-ACB9-3F9F48D3E6DC}.Release|x64.ActiveCfg = Release|Any CPU
		{C7CD5091-410A-4DFD-ACB9-3F9F48D3E6DC}.Release|x64.Build.0 = Release|Any CPU
		{C7CD5091-410A-4DFD-ACB9-3F9F48D3E6DC}.Release|x86.ActiveCfg = Release|Any CPU
		{C7CD5091-410A-4DFD-ACB9-3F9F48D3E6DC}.Release|x86.Build.0 = Release|Any CPU
		{07A0F657-7C18-49C3-B25F-BD0A5E2CDD19}.Debug|Any CPU.ActiveCfg = Debug|Any CPU
		{07A0F657-7C18-49C3-B25F-BD0A5E2CDD19}.Debug|Any CPU.Build.0 = Debug|Any CPU
		{07A0F657-7C18-49C3-B25F-BD0A5E2CDD19}.Debug|x64.ActiveCfg = Debug|Any CPU
		{07A0F657-7C18-49C3-B25F-BD0A5E2CDD19}.Debug|x64.Build.0 = Debug|Any CPU
		{07A0F657-7C18-49C3-B25F-BD0A5E2CDD19}.Debug|x86.ActiveCfg = Debug|Any CPU
		{07A0F657-7C18-49C3-B25F-BD0A5E2CDD19}.Debug|x86.Build.0 = Debug|Any CPU
		{07A0F657-7C18-49C3-B25F-BD0A5E2CDD19}.Release|Any CPU.ActiveCfg = Release|Any CPU
		{07A0F657-7C18-49C3-B25F-BD0A5E2CDD19}.Release|Any CPU.Build.0 = Release|Any CPU
		{07A0F657-7C18-49C3-B25F-BD0A5E2CDD19}.Release|x64.ActiveCfg = Release|Any CPU
		{07A0F657-7C18-49C3-B25F-BD0A5E2CDD19}.Release|x64.Build.0 = Release|Any CPU
		{07A0F657-7C18-49C3-B25F-BD0A5E2CDD19}.Release|x86.ActiveCfg = Release|Any CPU
		{07A0F657-7C18-49C3-B25F-BD0A5E2CDD19}.Release|x86.Build.0 = Release|Any CPU
	EndGlobalSection
	GlobalSection(SolutionProperties) = preSolution
		HideSolutionNode = FALSE
	EndGlobalSection
	GlobalSection(NestedProjects) = preSolution
		{0D93AE7C-F497-2789-51B0-0BCB8A028FCE} = {827E0CD3-B72D-47B6-A68D-7590B98EB39B}
		{21369219-8AE0-4026-9753-557891704B57} = {0D93AE7C-F497-2789-51B0-0BCB8A028FCE}
		{9F2C9096-ABE9-443D-89AD-D0C1D681E69D} = {0D93AE7C-F497-2789-51B0-0BCB8A028FCE}
		{2293986E-DEDD-42A1-9823-31F12B800793} = {0D93AE7C-F497-2789-51B0-0BCB8A028FCE}
		{D59EC588-03AF-4ADA-AC38-1534F12C755C} = {0D93AE7C-F497-2789-51B0-0BCB8A028FCE}
		{FE9050FB-983E-C37B-EEA3-5C8ABB4CBAF9} = {827E0CD3-B72D-47B6-A68D-7590B98EB39B}
		{E587546C-60E0-4ED0-B0D4-9398674C01C4} = {FE9050FB-983E-C37B-EEA3-5C8ABB4CBAF9}
		{1CA3D8DD-9C6A-47BA-AC10-3021844EAE13} = {FE9050FB-983E-C37B-EEA3-5C8ABB4CBAF9}
		{4588E318-746F-4383-A671-FD553551163C} = {FE9050FB-983E-C37B-EEA3-5C8ABB4CBAF9}
		{AD1B37B8-77CE-4902-A499-F866F61AAF20} = {FE9050FB-983E-C37B-EEA3-5C8ABB4CBAF9}
		{6375780A-AD2B-AF82-C612-F8B5FEAD7AAE} = {827E0CD3-B72D-47B6-A68D-7590B98EB39B}
		{027D1567-5104-494C-9C68-66ABBDC8E65F} = {6375780A-AD2B-AF82-C612-F8B5FEAD7AAE}
		{7EFE33B4-3A19-4B95-B039-A04166086934} = {6375780A-AD2B-AF82-C612-F8B5FEAD7AAE}
		{CD950290-010F-4E20-BE36-616DC1C0E925} = {6375780A-AD2B-AF82-C612-F8B5FEAD7AAE}
		{779391D3-FCC3-4E0F-850F-96C5971332B5} = {6375780A-AD2B-AF82-C612-F8B5FEAD7AAE}
		{87AAEB6E-B0F0-7695-7766-4BAA7BA12C87} = {827E0CD3-B72D-47B6-A68D-7590B98EB39B}
		{3EF3F7B1-5575-4F7F-92D5-751EBE7C410A} = {87AAEB6E-B0F0-7695-7766-4BAA7BA12C87}
		{8C1E292C-B25A-4DE1-9B2D-4115E6021C90} = {87AAEB6E-B0F0-7695-7766-4BAA7BA12C87}
		{1B1EDA5D-23CA-4CE6-AC49-A1437883AEF6} = {87AAEB6E-B0F0-7695-7766-4BAA7BA12C87}
		{269431AB-E827-4844-84AC-B0F5F14B0BAC} = {87AAEB6E-B0F0-7695-7766-4BAA7BA12C87}
		{F1F84387-2D53-5861-0B0A-DFA50F23CAF9} = {827E0CD3-B72D-47B6-A68D-7590B98EB39B}
		{36F28774-FC34-4FA9-B824-BBF8B4EEAA68} = {F1F84387-2D53-5861-0B0A-DFA50F23CAF9}
		{3FAE2DCA-8C40-46A0-8745-419C392F04D7} = {F1F84387-2D53-5861-0B0A-DFA50F23CAF9}
		{15FE2149-A776-40C0-84FB-859E884C3BF8} = {F1F84387-2D53-5861-0B0A-DFA50F23CAF9}
		{80C68E42-CFFE-4132-85D8-0C048A38874B} = {F1F84387-2D53-5861-0B0A-DFA50F23CAF9}
		{70BAA7F9-7914-E584-5739-8B02C132DCC7} = {827E0CD3-B72D-47B6-A68D-7590B98EB39B}
		{7905BE19-4F6F-4689-A96A-026220D7FC4B} = {70BAA7F9-7914-E584-5739-8B02C132DCC7}
		{63EC9793-8510-4F0E-9FC0-83C9887780E9} = {70BAA7F9-7914-E584-5739-8B02C132DCC7}
		{2E1BA3CD-5004-4A25-B829-69C393E4A77E} = {70BAA7F9-7914-E584-5739-8B02C132DCC7}
		{2EAA057A-AA01-44FA-BDF0-1410A17E2C9C} = {70BAA7F9-7914-E584-5739-8B02C132DCC7}
		{C8EE0FEF-B2CC-35E9-B717-B1450A0AA37E} = {827E0CD3-B72D-47B6-A68D-7590B98EB39B}
		{6E7A0876-2B12-47EF-8064-9A3AE298D7C3} = {C8EE0FEF-B2CC-35E9-B717-B1450A0AA37E}
		{D4483A78-5679-4C2B-B126-76A0A7A10F87} = {C8EE0FEF-B2CC-35E9-B717-B1450A0AA37E}
		{6DEC910D-3D5C-4422-A8C4-16441AF23A40} = {C8EE0FEF-B2CC-35E9-B717-B1450A0AA37E}
		{C569F358-49A4-486E-B69B-313D90E43CAC} = {C8EE0FEF-B2CC-35E9-B717-B1450A0AA37E}
		{7C5B6F2D-50C2-3C70-5239-F29D9703800A} = {827E0CD3-B72D-47B6-A68D-7590B98EB39B}
		{340B979F-AFD3-483B-82DA-DC45CACA63C7} = {7C5B6F2D-50C2-3C70-5239-F29D9703800A}
		{71F8C304-F726-4339-9D66-1C39BD77AD8D} = {7C5B6F2D-50C2-3C70-5239-F29D9703800A}
		{C7CD5091-410A-4DFD-ACB9-3F9F48D3E6DC} = {7C5B6F2D-50C2-3C70-5239-F29D9703800A}
		{07A0F657-7C18-49C3-B25F-BD0A5E2CDD19} = {7C5B6F2D-50C2-3C70-5239-F29D9703800A}
	EndGlobalSection
EndGlobal
